// !$*UTF8*$!
{
	archiveVersion = 1;
	classes = {
	};
	objectVersion = 46;
	objects = {

/* Begin PBXBuildFile section */
		2E07CF0A1C1CCA12006CA45B /* RatingControl.swift in Sources */ = {isa = PBXBuildFile; fileRef = 2E07CF091C1CCA12006CA45B /* RatingControl.swift */; };
		2E07CF0C1C1D05DB006CA45B /* Meal.swift in Sources */ = {isa = PBXBuildFile; fileRef = 2E07CF0B1C1D05DB006CA45B /* Meal.swift */; };
		2E07CF0D1C1D05DB006CA45B /* Meal.swift in Sources */ = {isa = PBXBuildFile; fileRef = 2E07CF0B1C1D05DB006CA45B /* Meal.swift */; };
		2E07CF0F1C1DDD52006CA45B /* MealTableViewCell.swift in Sources */ = {isa = PBXBuildFile; fileRef = 2E07CF0E1C1DDD52006CA45B /* MealTableViewCell.swift */; };
		2E07CF111C1DE91E006CA45B /* MealTableViewController.swift in Sources */ = {isa = PBXBuildFile; fileRef = 2E07CF101C1DE91E006CA45B /* MealTableViewController.swift */; };
		2E0C720F1C1BB2790068E22C /* AppDelegate.swift in Sources */ = {isa = PBXBuildFile; fileRef = 2E0C720E1C1BB2790068E22C /* AppDelegate.swift */; };
		2E0C72111C1BB2790068E22C /* MealViewController.swift in Sources */ = {isa = PBXBuildFile; fileRef = 2E0C72101C1BB2790068E22C /* MealViewController.swift */; };
		2E0C72141C1BB2790068E22C /* Main.storyboard in Resources */ = {isa = PBXBuildFile; fileRef = 2E0C72121C1BB2790068E22C /* Main.storyboard */; };
		2E0C72161C1BB2790068E22C /* Assets.xcassets in Resources */ = {isa = PBXBuildFile; fileRef = 2E0C72151C1BB2790068E22C /* Assets.xcassets */; };
		2E0C72191C1BB2790068E22C /* LaunchScreen.storyboard in Resources */ = {isa = PBXBuildFile; fileRef = 2E0C72171C1BB2790068E22C /* LaunchScreen.storyboard */; };
		2E0C72241C1BB2790068E22C /* RecoveryRoad1Tests.swift in Sources */ = {isa = PBXBuildFile; fileRef = 2E0C72231C1BB2790068E22C /* RecoveryRoad1Tests.swift */; };
		2E1ACB571C275FF3005E05BD /* RatingVeg.swift in Sources */ = {isa = PBXBuildFile; fileRef = 2E1ACB561C275FF3005E05BD /* RatingVeg.swift */; };
		2E1ACB591C277734005E05BD /* RatingGrain.swift in Sources */ = {isa = PBXBuildFile; fileRef = 2E1ACB581C277734005E05BD /* RatingGrain.swift */; };
		2E1ACB5B1C277748005E05BD /* RatingMilk.swift in Sources */ = {isa = PBXBuildFile; fileRef = 2E1ACB5A1C277748005E05BD /* RatingMilk.swift */; };
		2E1ACB5D1C277767005E05BD /* RatingProtein.swift in Sources */ = {isa = PBXBuildFile; fileRef = 2E1ACB5C1C277767005E05BD /* RatingProtein.swift */; };
		2E1ACB5F1C277783005E05BD /* RatingFat.swift in Sources */ = {isa = PBXBuildFile; fileRef = 2E1ACB5E1C277783005E05BD /* RatingFat.swift */; };
		2E1ACB611C277EE5005E05BD /* RatingDessert.swift in Sources */ = {isa = PBXBuildFile; fileRef = 2E1ACB601C277EE5005E05BD /* RatingDessert.swift */; };
		2ED3AEA31C2737D400FC6C81 /* RatingFruit.swift in Sources */ = {isa = PBXBuildFile; fileRef = 2ED3AEA21C2737D400FC6C81 /* RatingFruit.swift */; };
/* End PBXBuildFile section */

/* Begin PBXContainerItemProxy section */
		2E0C72201C1BB2790068E22C /* PBXContainerItemProxy */ = {
			isa = PBXContainerItemProxy;
			containerPortal = 2E0C72031C1BB2790068E22C /* Project object */;
			proxyType = 1;
			remoteGlobalIDString = 2E0C720A1C1BB2790068E22C;
			remoteInfo = RecoveryRoad1;
		};
/* End PBXContainerItemProxy section */

/* Begin PBXFileReference section */
		2E07CF091C1CCA12006CA45B /* RatingControl.swift */ = {isa = PBXFileReference; fileEncoding = 4; lastKnownFileType = sourcecode.swift; path = RatingControl.swift; sourceTree = "<group>"; };
		2E07CF0B1C1D05DB006CA45B /* Meal.swift */ = {isa = PBXFileReference; fileEncoding = 4; lastKnownFileType = sourcecode.swift; path = Meal.swift; sourceTree = "<group>"; };
		2E07CF0E1C1DDD52006CA45B /* MealTableViewCell.swift */ = {isa = PBXFileReference; fileEncoding = 4; lastKnownFileType = sourcecode.swift; path = MealTableViewCell.swift; sourceTree = "<group>"; };
		2E07CF101C1DE91E006CA45B /* MealTableViewController.swift */ = {isa = PBXFileReference; fileEncoding = 4; lastKnownFileType = sourcecode.swift; path = MealTableViewController.swift; sourceTree = "<group>"; };
		2E0C720B1C1BB2790068E22C /* RecoveryRoad1.app */ = {isa = PBXFileReference; explicitFileType = wrapper.application; includeInIndex = 0; path = RecoveryRoad1.app; sourceTree = BUILT_PRODUCTS_DIR; };
		2E0C720E1C1BB2790068E22C /* AppDelegate.swift */ = {isa = PBXFileReference; lastKnownFileType = sourcecode.swift; path = AppDelegate.swift; sourceTree = "<group>"; };
		2E0C72101C1BB2790068E22C /* MealViewController.swift */ = {isa = PBXFileReference; lastKnownFileType = sourcecode.swift; path = MealViewController.swift; sourceTree = "<group>"; };
		2E0C72131C1BB2790068E22C /* Base */ = {isa = PBXFileReference; lastKnownFileType = file.storyboard; name = Base; path = Base.lproj/Main.storyboard; sourceTree = "<group>"; };
		2E0C72151C1BB2790068E22C /* Assets.xcassets */ = {isa = PBXFileReference; lastKnownFileType = folder.assetcatalog; path = Assets.xcassets; sourceTree = "<group>"; };
		2E0C72181C1BB2790068E22C /* Base */ = {isa = PBXFileReference; lastKnownFileType = file.storyboard; name = Base; path = Base.lproj/LaunchScreen.storyboard; sourceTree = "<group>"; };
		2E0C721A1C1BB2790068E22C /* Info.plist */ = {isa = PBXFileReference; lastKnownFileType = text.plist.xml; path = Info.plist; sourceTree = "<group>"; };
		2E0C721F1C1BB2790068E22C /* RecoveryRoad1Tests.xctest */ = {isa = PBXFileReference; explicitFileType = wrapper.cfbundle; includeInIndex = 0; path = RecoveryRoad1Tests.xctest; sourceTree = BUILT_PRODUCTS_DIR; };
		2E0C72231C1BB2790068E22C /* RecoveryRoad1Tests.swift */ = {isa = PBXFileReference; lastKnownFileType = sourcecode.swift; path = RecoveryRoad1Tests.swift; sourceTree = "<group>"; };
		2E0C72251C1BB2790068E22C /* Info.plist */ = {isa = PBXFileReference; lastKnownFileType = text.plist.xml; path = Info.plist; sourceTree = "<group>"; };
		2E1ACB561C275FF3005E05BD /* RatingVeg.swift */ = {isa = PBXFileReference; fileEncoding = 4; lastKnownFileType = sourcecode.swift; path = RatingVeg.swift; sourceTree = "<group>"; };
		2E1ACB581C277734005E05BD /* RatingGrain.swift */ = {isa = PBXFileReference; fileEncoding = 4; lastKnownFileType = sourcecode.swift; path = RatingGrain.swift; sourceTree = "<group>"; };
		2E1ACB5A1C277748005E05BD /* RatingMilk.swift */ = {isa = PBXFileReference; fileEncoding = 4; lastKnownFileType = sourcecode.swift; path = RatingMilk.swift; sourceTree = "<group>"; };
		2E1ACB5C1C277767005E05BD /* RatingProtein.swift */ = {isa = PBXFileReference; fileEncoding = 4; lastKnownFileType = sourcecode.swift; path = RatingProtein.swift; sourceTree = "<group>"; };
		2E1ACB5E1C277783005E05BD /* RatingFat.swift */ = {isa = PBXFileReference; fileEncoding = 4; lastKnownFileType = sourcecode.swift; path = RatingFat.swift; sourceTree = "<group>"; };
		2E1ACB601C277EE5005E05BD /* RatingDessert.swift */ = {isa = PBXFileReference; fileEncoding = 4; lastKnownFileType = sourcecode.swift; path = RatingDessert.swift; sourceTree = "<group>"; };
		2ED3AEA21C2737D400FC6C81 /* RatingFruit.swift */ = {isa = PBXFileReference; fileEncoding = 4; lastKnownFileType = sourcecode.swift; path = RatingFruit.swift; sourceTree = "<group>"; };
/* End PBXFileReference section */

/* Begin PBXFrameworksBuildPhase section */
		2E0C72081C1BB2790068E22C /* Frameworks */ = {
			isa = PBXFrameworksBuildPhase;
			buildActionMask = 2147483647;
			files = (
			);
			runOnlyForDeploymentPostprocessing = 0;
		};
		2E0C721C1C1BB2790068E22C /* Frameworks */ = {
			isa = PBXFrameworksBuildPhase;
			buildActionMask = 2147483647;
			files = (
			);
			runOnlyForDeploymentPostprocessing = 0;
		};
/* End PBXFrameworksBuildPhase section */

/* Begin PBXGroup section */
		2E0C72021C1BB2790068E22C = {
			isa = PBXGroup;
			children = (
				2E0C720D1C1BB2790068E22C /* RecoveryRoad1 */,
				2E0C72221C1BB2790068E22C /* RecoveryRoad1Tests */,
				2E0C720C1C1BB2790068E22C /* Products */,
			);
			sourceTree = "<group>";
		};
		2E0C720C1C1BB2790068E22C /* Products */ = {
			isa = PBXGroup;
			children = (
				2E0C720B1C1BB2790068E22C /* RecoveryRoad1.app */,
				2E0C721F1C1BB2790068E22C /* RecoveryRoad1Tests.xctest */,
			);
			name = Products;
			sourceTree = "<group>";
		};
		2E0C720D1C1BB2790068E22C /* RecoveryRoad1 */ = {
			isa = PBXGroup;
			children = (
				2E0C720E1C1BB2790068E22C /* AppDelegate.swift */,
				2E0C72101C1BB2790068E22C /* MealViewController.swift */,
				2E07CF0B1C1D05DB006CA45B /* Meal.swift */,
				2E0C72121C1BB2790068E22C /* Main.storyboard */,
				2E07CF101C1DE91E006CA45B /* MealTableViewController.swift */,
				2E07CF0E1C1DDD52006CA45B /* MealTableViewCell.swift */,
				2E07CF091C1CCA12006CA45B /* RatingControl.swift */,
				2ED3AEA21C2737D400FC6C81 /* RatingFruit.swift */,
				2E0C72151C1BB2790068E22C /* Assets.xcassets */,
				2E0C72171C1BB2790068E22C /* LaunchScreen.storyboard */,
				2E0C721A1C1BB2790068E22C /* Info.plist */,
				2E1ACB561C275FF3005E05BD /* RatingVeg.swift */,
				2E1ACB601C277EE5005E05BD /* RatingDessert.swift */,
				2E1ACB581C277734005E05BD /* RatingGrain.swift */,
				2E1ACB5A1C277748005E05BD /* RatingMilk.swift */,
				2E1ACB5C1C277767005E05BD /* RatingProtein.swift */,
				2E1ACB5E1C277783005E05BD /* RatingFat.swift */,
			);
			path = RecoveryRoad1;
			sourceTree = "<group>";
		};
		2E0C72221C1BB2790068E22C /* RecoveryRoad1Tests */ = {
			isa = PBXGroup;
			children = (
				2E0C72231C1BB2790068E22C /* RecoveryRoad1Tests.swift */,
				2E0C72251C1BB2790068E22C /* Info.plist */,
			);
			path = RecoveryRoad1Tests;
			sourceTree = "<group>";
		};
/* End PBXGroup section */

/* Begin PBXNativeTarget section */
		2E0C720A1C1BB2790068E22C /* RecoveryRoad1 */ = {
			isa = PBXNativeTarget;
			buildConfigurationList = 2E0C72281C1BB2790068E22C /* Build configuration list for PBXNativeTarget "RecoveryRoad1" */;
			buildPhases = (
				2E0C72071C1BB2790068E22C /* Sources */,
				2E0C72081C1BB2790068E22C /* Frameworks */,
				2E0C72091C1BB2790068E22C /* Resources */,
			);
			buildRules = (
			);
			dependencies = (
			);
			name = RecoveryRoad1;
			productName = RecoveryRoad1;
			productReference = 2E0C720B1C1BB2790068E22C /* RecoveryRoad1.app */;
			productType = "com.apple.product-type.application";
		};
		2E0C721E1C1BB2790068E22C /* RecoveryRoad1Tests */ = {
			isa = PBXNativeTarget;
			buildConfigurationList = 2E0C722B1C1BB2790068E22C /* Build configuration list for PBXNativeTarget "RecoveryRoad1Tests" */;
			buildPhases = (
				2E0C721B1C1BB2790068E22C /* Sources */,
				2E0C721C1C1BB2790068E22C /* Frameworks */,
				2E0C721D1C1BB2790068E22C /* Resources */,
			);
			buildRules = (
			);
			dependencies = (
				2E0C72211C1BB2790068E22C /* PBXTargetDependency */,
			);
			name = RecoveryRoad1Tests;
			productName = RecoveryRoad1Tests;
			productReference = 2E0C721F1C1BB2790068E22C /* RecoveryRoad1Tests.xctest */;
			productType = "com.apple.product-type.bundle.unit-test";
		};
/* End PBXNativeTarget section */

/* Begin PBXProject section */
		2E0C72031C1BB2790068E22C /* Project object */ = {
			isa = PBXProject;
			attributes = {
				LastSwiftUpdateCheck = 0710;
				LastUpgradeCheck = 0710;
				ORGANIZATIONNAME = Lynnell;
				TargetAttributes = {
					2E0C720A1C1BB2790068E22C = {
						CreatedOnToolsVersion = 7.1.1;
					};
					2E0C721E1C1BB2790068E22C = {
						CreatedOnToolsVersion = 7.1.1;
						TestTargetID = 2E0C720A1C1BB2790068E22C;
					};
				};
			};
			buildConfigurationList = 2E0C72061C1BB2790068E22C /* Build configuration list for PBXProject "RecoveryRoad1" */;
			compatibilityVersion = "Xcode 3.2";
			developmentRegion = English;
			hasScannedForEncodings = 0;
			knownRegions = (
				en,
				Base,
			);
			mainGroup = 2E0C72021C1BB2790068E22C;
			productRefGroup = 2E0C720C1C1BB2790068E22C /* Products */;
			projectDirPath = "";
			projectRoot = "";
			targets = (
				2E0C720A1C1BB2790068E22C /* RecoveryRoad1 */,
				2E0C721E1C1BB2790068E22C /* RecoveryRoad1Tests */,
			);
		};
/* End PBXProject section */

/* Begin PBXResourcesBuildPhase section */
		2E0C72091C1BB2790068E22C /* Resources */ = {
			isa = PBXResourcesBuildPhase;
			buildActionMask = 2147483647;
			files = (
				2E0C72191C1BB2790068E22C /* LaunchScreen.storyboard in Resources */,
				2E0C72161C1BB2790068E22C /* Assets.xcassets in Resources */,
				2E0C72141C1BB2790068E22C /* Main.storyboard in Resources */,
			);
			runOnlyForDeploymentPostprocessing = 0;
		};
		2E0C721D1C1BB2790068E22C /* Resources */ = {
			isa = PBXResourcesBuildPhase;
			buildActionMask = 2147483647;
			files = (
			);
			runOnlyForDeploymentPostprocessing = 0;
		};
/* End PBXResourcesBuildPhase section */

/* Begin PBXSourcesBuildPhase section */
		2E0C72071C1BB2790068E22C /* Sources */ = {
			isa = PBXSourcesBuildPhase;
			buildActionMask = 2147483647;
			files = (
				2E07CF0C1C1D05DB006CA45B /* Meal.swift in Sources */,
				2E1ACB571C275FF3005E05BD /* RatingVeg.swift in Sources */,
				2E1ACB5D1C277767005E05BD /* RatingProtein.swift in Sources */,
				2E0C72111C1BB2790068E22C /* MealViewController.swift in Sources */,
				2E07CF0A1C1CCA12006CA45B /* RatingControl.swift in Sources */,
				2E0C720F1C1BB2790068E22C /* AppDelegate.swift in Sources */,
				2E1ACB5F1C277783005E05BD /* RatingFat.swift in Sources */,
				2ED3AEA31C2737D400FC6C81 /* RatingFruit.swift in Sources */,
				2E1ACB611C277EE5005E05BD /* RatingDessert.swift in Sources */,
				2E07CF111C1DE91E006CA45B /* MealTableViewController.swift in Sources */,
				2E07CF0F1C1DDD52006CA45B /* MealTableViewCell.swift in Sources */,
				2E1ACB591C277734005E05BD /* RatingGrain.swift in Sources */,
				2E1ACB5B1C277748005E05BD /* RatingMilk.swift in Sources */,
			);
			runOnlyForDeploymentPostprocessing = 0;
		};
		2E0C721B1C1BB2790068E22C /* Sources */ = {
			isa = PBXSourcesBuildPhase;
			buildActionMask = 2147483647;
			files = (
				2E07CF0D1C1D05DB006CA45B /* Meal.swift in Sources */,
				2E0C72241C1BB2790068E22C /* RecoveryRoad1Tests.swift in Sources */,
			);
			runOnlyForDeploymentPostprocessing = 0;
		};
/* End PBXSourcesBuildPhase section */

/* Begin PBXTargetDependency section */
		2E0C72211C1BB2790068E22C /* PBXTargetDependency */ = {
			isa = PBXTargetDependency;
			target = 2E0C720A1C1BB2790068E22C /* RecoveryRoad1 */;
			targetProxy = 2E0C72201C1BB2790068E22C /* PBXContainerItemProxy */;
		};
/* End PBXTargetDependency section */

/* Begin PBXVariantGroup section */
		2E0C72121C1BB2790068E22C /* Main.storyboard */ = {
			isa = PBXVariantGroup;
			children = (
				2E0C72131C1BB2790068E22C /* Base */,
			);
			name = Main.storyboard;
			sourceTree = "<group>";
		};
		2E0C72171C1BB2790068E22C /* LaunchScreen.storyboard */ = {
			isa = PBXVariantGroup;
			children = (
				2E0C72181C1BB2790068E22C /* Base */,
			);
			name = LaunchScreen.storyboard;
			sourceTree = "<group>";
		};
/* End PBXVariantGroup section */

/* Begin XCBuildConfiguration section */
		2E0C72261C1BB2790068E22C /* Debug */ = {
			isa = XCBuildConfiguration;
			buildSettings = {
				ALWAYS_SEARCH_USER_PATHS = NO;
				CLANG_CXX_LANGUAGE_STANDARD = "gnu++0x";
				CLANG_CXX_LIBRARY = "libc++";
				CLANG_ENABLE_MODULES = YES;
				CLANG_ENABLE_OBJC_ARC = YES;
				CLANG_WARN_BOOL_CONVERSION = YES;
				CLANG_WARN_CONSTANT_CONVERSION = YES;
				CLANG_WARN_DIRECT_OBJC_ISA_USAGE = YES_ERROR;
				CLANG_WARN_EMPTY_BODY = YES;
				CLANG_WARN_ENUM_CONVERSION = YES;
				CLANG_WARN_INT_CONVERSION = YES;
				CLANG_WARN_OBJC_ROOT_CLASS = YES_ERROR;
				CLANG_WARN_UNREACHABLE_CODE = YES;
				CLANG_WARN__DUPLICATE_METHOD_MATCH = YES;
				"CODE_SIGN_IDENTITY[sdk=iphoneos*]" = "iPhone Developer";
				COPY_PHASE_STRIP = NO;
				DEBUG_INFORMATION_FORMAT = dwarf;
				ENABLE_STRICT_OBJC_MSGSEND = YES;
				ENABLE_TESTABILITY = YES;
				GCC_C_LANGUAGE_STANDARD = gnu99;
				GCC_DYNAMIC_NO_PIC = NO;
				GCC_NO_COMMON_BLOCKS = YES;
				GCC_OPTIMIZATION_LEVEL = 0;
				GCC_PREPROCESSOR_DEFINITIONS = (
					"DEBUG=1",
					"$(inherited)",
				);
				GCC_WARN_64_TO_32_BIT_CONVERSION = YES;
				GCC_WARN_ABOUT_RETURN_TYPE = YES_ERROR;
				GCC_WARN_UNDECLARED_SELECTOR = YES;
				GCC_WARN_UNINITIALIZED_AUTOS = YES_AGGRESSIVE;
				GCC_WARN_UNUSED_FUNCTION = YES;
				GCC_WARN_UNUSED_VARIABLE = YES;
				IPHONEOS_DEPLOYMENT_TARGET = 9.1;
				MTL_ENABLE_DEBUG_INFO = YES;
				ONLY_ACTIVE_ARCH = YES;
				SDKROOT = iphoneos;
				SWIFT_OPTIMIZATION_LEVEL = "-Onone";
				TARGETED_DEVICE_FAMILY = "1,2";
			};
			name = Debug;
		};
		2E0C72271C1BB2790068E22C /* Release */ = {
			isa = XCBuildConfiguration;
			buildSettings = {
				ALWAYS_SEARCH_USER_PATHS = NO;
				CLANG_CXX_LANGUAGE_STANDARD = "gnu++0x";
				CLANG_CXX_LIBRARY = "libc++";
				CLANG_ENABLE_MODULES = YES;
				CLANG_ENABLE_OBJC_ARC = YES;
				CLANG_WARN_BOOL_CONVERSION = YES;
				CLANG_WARN_CONSTANT_CONVERSION = YES;
				CLANG_WARN_DIRECT_OBJC_ISA_USAGE = YES_ERROR;
				CLANG_WARN_EMPTY_BODY = YES;
				CLANG_WARN_ENUM_CONVERSION = YES;
				CLANG_WARN_INT_CONVERSION = YES;
				CLANG_WARN_OBJC_ROOT_CLASS = YES_ERROR;
				CLANG_WARN_UNREACHABLE_CODE = YES;
				CLANG_WARN__DUPLICATE_METHOD_MATCH = YES;
				"CODE_SIGN_IDENTITY[sdk=iphoneos*]" = "iPhone Developer";
				COPY_PHASE_STRIP = NO;
				DEBUG_INFORMATION_FORMAT = "dwarf-with-dsym";
				ENABLE_NS_ASSERTIONS = NO;
				ENABLE_STRICT_OBJC_MSGSEND = YES;
				GCC_C_LANGUAGE_STANDARD = gnu99;
				GCC_NO_COMMON_BLOCKS = YES;
				GCC_WARN_64_TO_32_BIT_CONVERSION = YES;
				GCC_WARN_ABOUT_RETURN_TYPE = YES_ERROR;
				GCC_WARN_UNDECLARED_SELECTOR = YES;
				GCC_WARN_UNINITIALIZED_AUTOS = YES_AGGRESSIVE;
				GCC_WARN_UNUSED_FUNCTION = YES;
				GCC_WARN_UNUSED_VARIABLE = YES;
				IPHONEOS_DEPLOYMENT_TARGET = 9.1;
				MTL_ENABLE_DEBUG_INFO = NO;
				SDKROOT = iphoneos;
				TARGETED_DEVICE_FAMILY = "1,2";
				VALIDATE_PRODUCT = YES;
			};
			name = Release;
		};
		2E0C72291C1BB2790068E22C /* Debug */ = {
			isa = XCBuildConfiguration;
			buildSettings = {
				ASSETCATALOG_COMPILER_APPICON_NAME = AppIcon;
				INFOPLIST_FILE = RecoveryRoad1/Info.plist;
				LD_RUNPATH_SEARCH_PATHS = "$(inherited) @executable_path/Frameworks";
				PRODUCT_BUNDLE_IDENTIFIER = net.lynnell.RecoveryRoad1;
				PRODUCT_NAME = "$(TARGET_NAME)";
			};
			name = Debug;
		};
		2E0C722A1C1BB2790068E22C /* Release */ = {
			isa = XCBuildConfiguration;
			buildSettings = {
				ASSETCATALOG_COMPILER_APPICON_NAME = AppIcon;
				INFOPLIST_FILE = RecoveryRoad1/Info.plist;
				LD_RUNPATH_SEARCH_PATHS = "$(inherited) @executable_path/Frameworks";
				PRODUCT_BUNDLE_IDENTIFIER = net.lynnell.RecoveryRoad1;
				PRODUCT_NAME = "$(TARGET_NAME)";
			};
			name = Release;
		};
		2E0C722C1C1BB2790068E22C /* Debug */ = {
			isa = XCBuildConfiguration;
			buildSettings = {
				BUNDLE_LOADER = "$(TEST_HOST)";
				INFOPLIST_FILE = RecoveryRoad1Tests/Info.plist;
				LD_RUNPATH_SEARCH_PATHS = "$(inherited) @executable_path/Frameworks @loader_path/Frameworks";
				PRODUCT_BUNDLE_IDENTIFIER = net.lynnell.RecoveryRoad1Tests;
				PRODUCT_NAME = "$(TARGET_NAME)";
				TEST_HOST = "$(BUILT_PRODUCTS_DIR)/RecoveryRoad1.app/RecoveryRoad1";
			};
			name = Debug;
		};
		2E0C722D1C1BB2790068E22C /* Release */ = {
			isa = XCBuildConfiguration;
			buildSettings = {
				BUNDLE_LOADER = "$(TEST_HOST)";
				INFOPLIST_FILE = RecoveryRoad1Tests/Info.plist;
				LD_RUNPATH_SEARCH_PATHS = "$(inherited) @executable_path/Frameworks @loader_path/Frameworks";
				PRODUCT_BUNDLE_IDENTIFIER = net.lynnell.RecoveryRoad1Tests;
				PRODUCT_NAME = "$(TARGET_NAME)";
				TEST_HOST = "$(BUILT_PRODUCTS_DIR)/RecoveryRoad1.app/RecoveryRoad1";
			};
			name = Release;
		};
/* End XCBuildConfiguration section */

/* Begin XCConfigurationList section */
		2E0C72061C1BB2790068E22C /* Build configuration list for PBXProject "RecoveryRoad1" */ = {
			isa = XCConfigurationList;
			buildConfigurations = (
				2E0C72261C1BB2790068E22C /* Debug */,
				2E0C72271C1BB2790068E22C /* Release */,
			);
			defaultConfigurationIsVisible = 0;
			defaultConfigurationName = Release;
		};
		2E0C72281C1BB2790068E22C /* Build configuration list for PBXNativeTarget "RecoveryRoad1" */ = {
			isa = XCConfigurationList;
			buildConfigurations = (
				2E0C72291C1BB2790068E22C /* Debug */,
				2E0C722A1C1BB2790068E22C /* Release */,
			);
			defaultConfigurationIsVisible = 0;
			defaultConfigurationName = Release;
		};
		2E0C722B1C1BB2790068E22C /* Build configuration list for PBXNativeTarget "RecoveryRoad1Tests" */ = {
			isa = XCConfigurationList;
			buildConfigurations = (
				2E0C722C1C1BB2790068E22C /* Debug */,
				2E0C722D1C1BB2790068E22C /* Release */,
			);
			defaultConfigurationIsVisible = 0;
			defaultConfigurationName = Release;
		};
/* End XCConfigurationList section */
	};
	rootObject = 2E0C72031C1BB2790068E22C /* Project object */;
}
